{
  "originHash" : "5494f29ddeaa183840be8524b0be206bca69f13b8c6d3574822b4e1d4f525858",
  "pins" : [
    {
      "identity" : "bridgewell-mobile-ios",
      "kind" : "remoteSourceControl",
      "location" : "https://github.com/bridgewell/Bridgewell-mobile-ios.git",
      "state" : {
        "revision" : "2325e5d0fb3ad51fd629e3a622c698cfe001ed2c",
        "version" : "3.4.0"
      }
    }
  ],
  "version" : 3
}
